
Microsoft Visual Studio Solution File, Format Version 12.00
# Visual Studio Version 17
VisualStudioVersion = 17.6.33829.357
MinimumVisualStudioVersion = 10.0.40219.1
Project("{FAE04EC0-301F-11D3-BF4B-00C04F79EFBC}") = "BooksApi", "BooksApi\BooksApi.csproj", "{A882EF93-91A3-4C26-A969-ADD6D0FFE9FB}"
EndProject
Global
	GlobalSection(SolutionConfigurationPlatforms) = preSolution
		Debug|Any CPU = Debug|Any CPU
		Release|Any CPU = Release|Any CPU
	EndGlobalSection
	GlobalSection(ProjectConfigurationPlatforms) = postSolution
		{A882EF93-91A3-4C26-A969-ADD6D0FFE9FB}.Debug|Any CPU.ActiveCfg = Debug|Any CPU
		{A882EF93-91A3-4C26-A969-ADD6D0FFE9FB}.Debug|Any CPU.Build.0 = Debug|Any CPU
		{A882EF93-91A3-4C26-A969-ADD6D0FFE9FB}.Release|Any CPU.ActiveCfg = Release|Any CPU
		{A882EF93-91A3-4C26-A969-ADD6D0FFE9FB}.Release|Any CPU.Build.0 = Release|Any CPU
	EndGlobalSection
	GlobalSection(SolutionProperties) = preSolution
		HideSolutionNode = FALSE
	EndGlobalSection
	GlobalSection(ExtensibilityGlobals) = postSolution
		SolutionGuid = {5627C5CA-FB0C-4C08-BC66-BACCE733A606}
	EndGlobalSection
EndGlobal
